github.com/ditashi/jsbeautifier-go v0.0.0-20141206144643-2520a8026a9c h1:+Zo5Ca9GH0RoeVZQKzFJcTLoAixx5s5Gq3pTIS+n354=
github.com/ditashi/jsbeautifier-go v0.0.0-20141206144643-2520a8026a9c/go.mod h1:HJGU9ULdREjOcVGZVPB5s6zYmHi1RxzT71l2wQyLmnE=
github.com/flynn/go-docopt v0.0.0-20140912013429-f6dd2ebbb31e h1:Ss/B3/5wWRh8+emnK0++g5zQzwDTi30W10pKxKc4JXI=
github.com/flynn/go-docopt v0.0.0-20140912013429-f6dd2ebbb31e/go.mod h1:HyVoz1Mz5Co8TFO8EupIdlcpwShBmY98dkT2xeHkvEI=
github.com/gocarina/gocsv v0.0.0-20200925213129-04be9ee2e1a2 h1:66G8poRcUE6rtwuckM7ZoLKlyNw5PYytEktymzi/Xds=
github.com/gocarina/gocsv v0.0.0-20200925213129-04be9ee2e1a2/go.mod h1:5YoVOkjYAQumqlV356Hj3xeYh4BdZuLE0/nRkf2NKkI=
